
Microsoft Visual Studio Solution File, Format Version 12.00
# Visual Studio Version 17
VisualStudioVersion = 17.3.32929.385
MinimumVisualStudioVersion = 10.0.40219.1
Project("{888888A0-9F3D-457C-B088-3A5042F75D52}") = "parking_system_using_opencv", "parking_system_using_opencv.pyproj", "{7F1C8155-7046-4860-9B62-291F368CA2FC}"
EndProject
Global
	GlobalSection(SolutionConfigurationPlatforms) = preSolution
		Debug|Any CPU = Debug|Any CPU
		Release|Any CPU = Release|Any CPU
	EndGlobalSection
	GlobalSection(ProjectConfigurationPlatforms) = postSolution
		{7F1C8155-7046-4860-9B62-291F368CA2FC}.Debug|Any CPU.ActiveCfg = Debug|Any CPU
		{7F1C8155-7046-4860-9B62-291F368CA2FC}.Release|Any CPU.ActiveCfg = Release|Any CPU
	EndGlobalSection
	GlobalSection(SolutionProperties) = preSolution
		HideSolutionNode = FALSE
	EndGlobalSection
	GlobalSection(ExtensibilityGlobals) = postSolution
		SolutionGuid = {8A5174D3-9EB4-4ABD-A9D7-040B9F3D4553}
	EndGlobalSection
EndGlobal
